// !$*UTF8*$!
{
	archiveVersion = 1;
	classes = {
	};
	objectVersion = 50;
	objects = {

/* Begin PBXBuildFile section */
		5FED00B32341EE5900C400D6 /* AppDelegate.swift in Sources */ = {isa = PBXBuildFile; fileRef = 5FED00B22341EE5900C400D6 /* AppDelegate.swift */; };
		5FED00B52341EE5900C400D6 /* ViewController.swift in Sources */ = {isa = PBXBuildFile; fileRef = 5FED00B42341EE5900C400D6 /* ViewController.swift */; };
		5FED00B82341EE5900C400D6 /* Main.storyboard in Resources */ = {isa = PBXBuildFile; fileRef = 5FED00B62341EE5900C400D6 /* Main.storyboard */; };
		5FED00BA2341EE5B00C400D6 /* Assets.xcassets in Resources */ = {isa = PBXBuildFile; fileRef = 5FED00B92341EE5B00C400D6 /* Assets.xcassets */; };
		5FED00BD2341EE5B00C400D6 /* LaunchScreen.storyboard in Resources */ = {isa = PBXBuildFile; fileRef = 5FED00BB2341EE5B00C400D6 /* LaunchScreen.storyboard */; };
		5FED00C82341EE5B00C400D6 /* xctext_sampleTests.swift in Sources */ = {isa = PBXBuildFile; fileRef = 5FED00C72341EE5B00C400D6 /* xctext_sampleTests.swift */; };
		5FED00D32341EE5B00C400D6 /* xctext_sampleUITests.swift in Sources */ = {isa = PBXBuildFile; fileRef = 5FED00D22341EE5B00C400D6 /* xctext_sampleUITests.swift */; };
/* End PBXBuildFile section */

/* Begin PBXContainerItemProxy section */
		5FED00C42341EE5B00C400D6 /* PBXContainerItemProxy */ = {
			isa = PBXContainerItemProxy;
			containerPortal = 5FED00A72341EE5900C400D6 /* Project object */;
			proxyType = 1;
			remoteGlobalIDString = 5FED00AE2341EE5900C400D6;
			remoteInfo = xctext_sample;
		};
		5FED00CF2341EE5B00C400D6 /* PBXContainerItemProxy */ = {
			isa = PBXContainerItemProxy;
			containerPortal = 5FED00A72341EE5900C400D6 /* Project object */;
			proxyType = 1;
			remoteGlobalIDString = 5FED00AE2341EE5900C400D6;
			remoteInfo = xctext_sample;
		};
/* End PBXContainerItemProxy section */

/* Begin PBXFileReference section */
		5FED00AF2341EE5900C400D6 /* xctext_sample.app */ = {isa = PBXFileReference; explicitFileType = wrapper.application; includeInIndex = 0; path = xctext_sample.app; sourceTree = BUILT_PRODUCTS_DIR; };
		5FED00B22341EE5900C400D6 /* AppDelegate.swift */ = {isa = PBXFileReference; lastKnownFileType = sourcecode.swift; path = AppDelegate.swift; sourceTree = "<group>"; };
		5FED00B42341EE5900C400D6 /* ViewController.swift */ = {isa = PBXFileReference; lastKnownFileType = sourcecode.swift; path = ViewController.swift; sourceTree = "<group>"; };
		5FED00B72341EE5900C400D6 /* Base */ = {isa = PBXFileReference; lastKnownFileType = file.storyboard; name = Base; path = Base.lproj/Main.storyboard; sourceTree = "<group>"; };
		5FED00B92341EE5B00C400D6 /* Assets.xcassets */ = {isa = PBXFileReference; lastKnownFileType = folder.assetcatalog; path = Assets.xcassets; sourceTree = "<group>"; };
		5FED00BC2341EE5B00C400D6 /* Base */ = {isa = PBXFileReference; lastKnownFileType = file.storyboard; name = Base; path = Base.lproj/LaunchScreen.storyboard; sourceTree = "<group>"; };
		5FED00BE2341EE5B00C400D6 /* Info.plist */ = {isa = PBXFileReference; lastKnownFileType = text.plist.xml; path = Info.plist; sourceTree = "<group>"; };
		5FED00C32341EE5B00C400D6 /* xctext_sampleTests.xctest */ = {isa = PBXFileReference; explicitFileType = wrapper.cfbundle; includeInIndex = 0; path = xctext_sampleTests.xctest; sourceTree = BUILT_PRODUCTS_DIR; };
		5FED00C72341EE5B00C400D6 /* xctext_sampleTests.swift */ = {isa = PBXFileReference; lastKnownFileType = sourcecode.swift; path = xctext_sampleTests.swift; sourceTree = "<group>"; };
		5FED00C92341EE5B00C400D6 /* Info.plist */ = {isa = PBXFileReference; lastKnownFileType = text.plist.xml; path = Info.plist; sourceTree = "<group>"; };
		5FED00CE2341EE5B00C400D6 /* xctext_sampleUITests.xctest */ = {isa = PBXFileReference; explicitFileType = wrapper.cfbundle; includeInIndex = 0; path = xctext_sampleUITests.xctest; sourceTree = BUILT_PRODUCTS_DIR; };
		5FED00D22341EE5B00C400D6 /* xctext_sampleUITests.swift */ = {isa = PBXFileReference; lastKnownFileType = sourcecode.swift; path = xctext_sampleUITests.swift; sourceTree = "<group>"; };
		5FED00D42341EE5B00C400D6 /* Info.plist */ = {isa = PBXFileReference; lastKnownFileType = text.plist.xml; path = Info.plist; sourceTree = "<group>"; };
/* End PBXFileReference section */

/* Begin PBXFrameworksBuildPhase section */
		5FED00AC2341EE5900C400D6 /* Frameworks */ = {
			isa = PBXFrameworksBuildPhase;
			buildActionMask = 2147483647;
			files = (
			);
			runOnlyForDeploymentPostprocessing = 0;
		};
		5FED00C02341EE5B00C400D6 /* Frameworks */ = {
			isa = PBXFrameworksBuildPhase;
			buildActionMask = 2147483647;
			files = (
			);
			runOnlyForDeploymentPostprocessing = 0;
		};
		5FED00CB2341EE5B00C400D6 /* Frameworks */ = {
			isa = PBXFrameworksBuildPhase;
			buildActionMask = 2147483647;
			files = (
			);
			runOnlyForDeploymentPostprocessing = 0;
		};
/* End PBXFrameworksBuildPhase section */

/* Begin PBXGroup section */
		5FED00A62341EE5900C400D6 = {
			isa = PBXGroup;
			children = (
				5FED00B12341EE5900C400D6 /* xctext_sample */,
				5FED00C62341EE5B00C400D6 /* xctext_sampleTests */,
				5FED00D12341EE5B00C400D6 /* xctext_sampleUITests */,
				5FED00B02341EE5900C400D6 /* Products */,
			);
			sourceTree = "<group>";
		};
		5FED00B02341EE5900C400D6 /* Products */ = {
			isa = PBXGroup;
			children = (
				5FED00AF2341EE5900C400D6 /* xctext_sample.app */,
				5FED00C32341EE5B00C400D6 /* xctext_sampleTests.xctest */,
				5FED00CE2341EE5B00C400D6 /* xctext_sampleUITests.xctest */,
			);
			name = Products;
			sourceTree = "<group>";
		};
		5FED00B12341EE5900C400D6 /* xctext_sample */ = {
			isa = PBXGroup;
			children = (
				5FED00B22341EE5900C400D6 /* AppDelegate.swift */,
				5FED00B42341EE5900C400D6 /* ViewController.swift */,
				5FED00B62341EE5900C400D6 /* Main.storyboard */,
				5FED00B92341EE5B00C400D6 /* Assets.xcassets */,
				5FED00BB2341EE5B00C400D6 /* LaunchScreen.storyboard */,
				5FED00BE2341EE5B00C400D6 /* Info.plist */,
			);
			path = xctext_sample;
			sourceTree = "<group>";
		};
		5FED00C62341EE5B00C400D6 /* xctext_sampleTests */ = {
			isa = PBXGroup;
			children = (
				5FED00C72341EE5B00C400D6 /* xctext_sampleTests.swift */,
				5FED00C92341EE5B00C400D6 /* Info.plist */,
			);
			path = xctext_sampleTests;
			sourceTree = "<group>";
		};
		5FED00D12341EE5B00C400D6 /* xctext_sampleUITests */ = {
			isa = PBXGroup;
			children = (
				5FED00D22341EE5B00C400D6 /* xctext_sampleUITests.swift */,
				5FED00D42341EE5B00C400D6 /* Info.plist */,
			);
			path = xctext_sampleUITests;
			sourceTree = "<group>";
		};
/* End PBXGroup section */

/* Begin PBXNativeTarget section */
		5FED00AE2341EE5900C400D6 /* xctext_sample */ = {
			isa = PBXNativeTarget;
			buildConfigurationList = 5FED00D72341EE5B00C400D6 /* Build configuration list for PBXNativeTarget "xctext_sample" */;
			buildPhases = (
				5FED00AB2341EE5900C400D6 /* Sources */,
				5FED00AC2341EE5900C400D6 /* Frameworks */,
				5FED00AD2341EE5900C400D6 /* Resources */,
			);
			buildRules = (
			);
			dependencies = (
			);
			name = xctext_sample;
			productName = xctext_sample;
			productReference = 5FED00AF2341EE5900C400D6 /* xctext_sample.app */;
			productType = "com.apple.product-type.application";
		};
		5FED00C22341EE5B00C400D6 /* xctext_sampleTests */ = {
			isa = PBXNativeTarget;
			buildConfigurationList = 5FED00DA2341EE5B00C400D6 /* Build configuration list for PBXNativeTarget "xctext_sampleTests" */;
			buildPhases = (
				5FED00BF2341EE5B00C400D6 /* Sources */,
				5FED00C02341EE5B00C400D6 /* Frameworks */,
				5FED00C12341EE5B00C400D6 /* Resources */,
			);
			buildRules = (
			);
			dependencies = (
				5FED00C52341EE5B00C400D6 /* PBXTargetDependency */,
			);
			name = xctext_sampleTests;
			productName = xctext_sampleTests;
			productReference = 5FED00C32341EE5B00C400D6 /* xctext_sampleTests.xctest */;
			productType = "com.apple.product-type.bundle.unit-test";
		};
		5FED00CD2341EE5B00C400D6 /* xctext_sampleUITests */ = {
			isa = PBXNativeTarget;
			buildConfigurationList = 5FED00DD2341EE5B00C400D6 /* Build configuration list for PBXNativeTarget "xctext_sampleUITests" */;
			buildPhases = (
				5FED00CA2341EE5B00C400D6 /* Sources */,
				5FED00CB2341EE5B00C400D6 /* Frameworks */,
				5FED00CC2341EE5B00C400D6 /* Resources */,
			);
			buildRules = (
			);
			dependencies = (
				5FED00D02341EE5B00C400D6 /* PBXTargetDependency */,
			);
			name = xctext_sampleUITests;
			productName = xctext_sampleUITests;
			productReference = 5FED00CE2341EE5B00C400D6 /* xctext_sampleUITests.xctest */;
			productType = "com.apple.product-type.bundle.ui-testing";
		};
/* End PBXNativeTarget section */

/* Begin PBXProject section */
		5FED00A72341EE5900C400D6 /* Project object */ = {
			isa = PBXProject;
			attributes = {
				LastSwiftUpdateCheck = 1010;
				LastUpgradeCheck = 1010;
				ORGANIZATIONNAME = yhonda;
				TargetAttributes = {
					5FED00AE2341EE5900C400D6 = {
						CreatedOnToolsVersion = 10.1;
					};
					5FED00C22341EE5B00C400D6 = {
						CreatedOnToolsVersion = 10.1;
						TestTargetID = 5FED00AE2341EE5900C400D6;
					};
					5FED00CD2341EE5B00C400D6 = {
						CreatedOnToolsVersion = 10.1;
						TestTargetID = 5FED00AE2341EE5900C400D6;
					};
				};
			};
			buildConfigurationList = 5FED00AA2341EE5900C400D6 /* Build configuration list for PBXProject "xctext_sample" */;
			compatibilityVersion = "Xcode 9.3";
			developmentRegion = en;
			hasScannedForEncodings = 0;
			knownRegions = (
				en,
				Base,
			);
			mainGroup = 5FED00A62341EE5900C400D6;
			productRefGroup = 5FED00B02341EE5900C400D6 /* Products */;
			projectDirPath = "";
			projectRoot = "";
			targets = (
				5FED00AE2341EE5900C400D6 /* xctext_sample */,
				5FED00C22341EE5B00C400D6 /* xctext_sampleTests */,
				5FED00CD2341EE5B00C400D6 /* xctext_sampleUITests */,
			);
		};
/* End PBXProject section */

/* Begin PBXResourcesBuildPhase section */
		5FED00AD2341EE5900C400D6 /* Resources */ = {
			isa = PBXResourcesBuildPhase;
			buildActionMask = 2147483647;
			files = (
				5FED00BD2341EE5B00C400D6 /* LaunchScreen.storyboard in Resources */,
				5FED00BA2341EE5B00C400D6 /* Assets.xcassets in Resources */,
				5FED00B82341EE5900C400D6 /* Main.storyboard in Resources */,
			);
			runOnlyForDeploymentPostprocessing = 0;
		};
		5FED00C12341EE5B00C400D6 /* Resources */ = {
			isa = PBXResourcesBuildPhase;
			buildActionMask = 2147483647;
			files = (
			);
			runOnlyForDeploymentPostprocessing = 0;
		};
		5FED00CC2341EE5B00C400D6 /* Resources */ = {
			isa = PBXResourcesBuildPhase;
			buildActionMask = 2147483647;
			files = (
			);
			runOnlyForDeploymentPostprocessing = 0;
		};
/* End PBXResourcesBuildPhase section */

/* Begin PBXSourcesBuildPhase section */
		5FED00AB2341EE5900C400D6 /* Sources */ = {
			isa = PBXSourcesBuildPhase;
			buildActionMask = 2147483647;
			files = (
				5FED00B52341EE5900C400D6 /* ViewController.swift in Sources */,
				5FED00B32341EE5900C400D6 /* AppDelegate.swift in Sources */,
			);
			runOnlyForDeploymentPostprocessing = 0;
		};
		5FED00BF2341EE5B00C400D6 /* Sources */ = {
			isa = PBXSourcesBuildPhase;
			buildActionMask = 2147483647;
			files = (
				5FED00C82341EE5B00C400D6 /* xctext_sampleTests.swift in Sources */,
			);
			runOnlyForDeploymentPostprocessing = 0;
		};
		5FED00CA2341EE5B00C400D6 /* Sources */ = {
			isa = PBXSourcesBuildPhase;
			buildActionMask = 2147483647;
			files = (
				5FED00D32341EE5B00C400D6 /* xctext_sampleUITests.swift in Sources */,
			);
			runOnlyForDeploymentPostprocessing = 0;
		};
/* End PBXSourcesBuildPhase section */

/* Begin PBXTargetDependency section */
		5FED00C52341EE5B00C400D6 /* PBXTargetDependency */ = {
			isa = PBXTargetDependency;
			target = 5FED00AE2341EE5900C400D6 /* xctext_sample */;
			targetProxy = 5FED00C42341EE5B00C400D6 /* PBXContainerItemProxy */;
		};
		5FED00D02341EE5B00C400D6 /* PBXTargetDependency */ = {
			isa = PBXTargetDependency;
			target = 5FED00AE2341EE5900C400D6 /* xctext_sample */;
			targetProxy = 5FED00CF2341EE5B00C400D6 /* PBXContainerItemProxy */;
		};
/* End PBXTargetDependency section */

/* Begin PBXVariantGroup section */
		5FED00B62341EE5900C400D6 /* Main.storyboard */ = {
			isa = PBXVariantGroup;
			children = (
				5FED00B72341EE5900C400D6 /* Base */,
			);
			name = Main.storyboard;
			sourceTree = "<group>";
		};
		5FED00BB2341EE5B00C400D6 /* LaunchScreen.storyboard */ = {
			isa = PBXVariantGroup;
			children = (
				5FED00BC2341EE5B00C400D6 /* Base */,
			);
			name = LaunchScreen.storyboard;
			sourceTree = "<group>";
		};
/* End PBXVariantGroup section */

/* Begin XCBuildConfiguration section */
		5FED00D52341EE5B00C400D6 /* Debug */ = {
			isa = XCBuildConfiguration;
			buildSettings = {
				ALWAYS_SEARCH_USER_PATHS = NO;
				CLANG_ANALYZER_NONNULL = YES;
				CLANG_ANALYZER_NUMBER_OBJECT_CONVERSION = YES_AGGRESSIVE;
				CLANG_CXX_LANGUAGE_STANDARD = "gnu++14";
				CLANG_CXX_LIBRARY = "libc++";
				CLANG_ENABLE_MODULES = YES;
				CLANG_ENABLE_OBJC_ARC = YES;
				CLANG_ENABLE_OBJC_WEAK = YES;
				CLANG_WARN_BLOCK_CAPTURE_AUTORELEASING = YES;
				CLANG_WARN_BOOL_CONVERSION = YES;
				CLANG_WARN_COMMA = YES;
				CLANG_WARN_CONSTANT_CONVERSION = YES;
				CLANG_WARN_DEPRECATED_OBJC_IMPLEMENTATIONS = YES;
				CLANG_WARN_DIRECT_OBJC_ISA_USAGE = YES_ERROR;
				CLANG_WARN_DOCUMENTATION_COMMENTS = YES;
				CLANG_WARN_EMPTY_BODY = YES;
				CLANG_WARN_ENUM_CONVERSION = YES;
				CLANG_WARN_INFINITE_RECURSION = YES;
				CLANG_WARN_INT_CONVERSION = YES;
				CLANG_WARN_NON_LITERAL_NULL_CONVERSION = YES;
				CLANG_WARN_OBJC_IMPLICIT_RETAIN_SELF = YES;
				CLANG_WARN_OBJC_LITERAL_CONVERSION = YES;
				CLANG_WARN_OBJC_ROOT_CLASS = YES_ERROR;
				CLANG_WARN_RANGE_LOOP_ANALYSIS = YES;
				CLANG_WARN_STRICT_PROTOTYPES = YES;
				CLANG_WARN_SUSPICIOUS_MOVE = YES;
				CLANG_WARN_UNGUARDED_AVAILABILITY = YES_AGGRESSIVE;
				CLANG_WARN_UNREACHABLE_CODE = YES;
				CLANG_WARN__DUPLICATE_METHOD_MATCH = YES;
				CODE_SIGN_IDENTITY = "iPhone Developer";
				COPY_PHASE_STRIP = NO;
				DEBUG_INFORMATION_FORMAT = dwarf;
				ENABLE_STRICT_OBJC_MSGSEND = YES;
				ENABLE_TESTABILITY = YES;
				GCC_C_LANGUAGE_STANDARD = gnu11;
				GCC_DYNAMIC_NO_PIC = NO;
				GCC_NO_COMMON_BLOCKS = YES;
				GCC_OPTIMIZATION_LEVEL = 0;
				GCC_PREPROCESSOR_DEFINITIONS = (
					"DEBUG=1",
					"$(inherited)",
				);
				GCC_WARN_64_TO_32_BIT_CONVERSION = YES;
				GCC_WARN_ABOUT_RETURN_TYPE = YES_ERROR;
				GCC_WARN_UNDECLARED_SELECTOR = YES;
				GCC_WARN_UNINITIALIZED_AUTOS = YES_AGGRESSIVE;
				GCC_WARN_UNUSED_FUNCTION = YES;
				GCC_WARN_UNUSED_VARIABLE = YES;
				IPHONEOS_DEPLOYMENT_TARGET = 12.1;
				MTL_ENABLE_DEBUG_INFO = INCLUDE_SOURCE;
				MTL_FAST_MATH = YES;
				ONLY_ACTIVE_ARCH = YES;
				SDKROOT = iphoneos;
				SWIFT_ACTIVE_COMPILATION_CONDITIONS = DEBUG;
				SWIFT_OPTIMIZATION_LEVEL = "-Onone";
			};
			name = Debug;
		};
		5FED00D62341EE5B00C400D6 /* Release */ = {
			isa = XCBuildConfiguration;
			buildSettings = {
				ALWAYS_SEARCH_USER_PATHS = NO;
				CLANG_ANALYZER_NONNULL = YES;
				CLANG_ANALYZER_NUMBER_OBJECT_CONVERSION = YES_AGGRESSIVE;
				CLANG_CXX_LANGUAGE_STANDARD = "gnu++14";
				CLANG_CXX_LIBRARY = "libc++";
				CLANG_ENABLE_MODULES = YES;
				CLANG_ENABLE_OBJC_ARC = YES;
				CLANG_ENABLE_OBJC_WEAK = YES;
				CLANG_WARN_BLOCK_CAPTURE_AUTORELEASING = YES;
				CLANG_WARN_BOOL_CONVERSION = YES;
				CLANG_WARN_COMMA = YES;
				CLANG_WARN_CONSTANT_CONVERSION = YES;
				CLANG_WARN_DEPRECATED_OBJC_IMPLEMENTATIONS = YES;
				CLANG_WARN_DIRECT_OBJC_ISA_USAGE = YES_ERROR;
				CLANG_WARN_DOCUMENTATION_COMMENTS = YES;
				CLANG_WARN_EMPTY_BODY = YES;
				CLANG_WARN_ENUM_CONVERSION = YES;
				CLANG_WARN_INFINITE_RECURSION = YES;
				CLANG_WARN_INT_CONVERSION = YES;
				CLANG_WARN_NON_LITERAL_NULL_CONVERSION = YES;
				CLANG_WARN_OBJC_IMPLICIT_RETAIN_SELF = YES;
				CLANG_WARN_OBJC_LITERAL_CONVERSION = YES;
				CLANG_WARN_OBJC_ROOT_CLASS = YES_ERROR;
				CLANG_WARN_RANGE_LOOP_ANALYSIS = YES;
				CLANG_WARN_STRICT_PROTOTYPES = YES;
				CLANG_WARN_SUSPICIOUS_MOVE = YES;
				CLANG_WARN_UNGUARDED_AVAILABILITY = YES_AGGRESSIVE;
				CLANG_WARN_UNREACHABLE_CODE = YES;
				CLANG_WARN__DUPLICATE_METHOD_MATCH = YES;
				CODE_SIGN_IDENTITY = "iPhone Developer";
				COPY_PHASE_STRIP = NO;
				DEBUG_INFORMATION_FORMAT = "dwarf-with-dsym";
				ENABLE_NS_ASSERTIONS = NO;
				ENABLE_STRICT_OBJC_MSGSEND = YES;
				GCC_C_LANGUAGE_STANDARD = gnu11;
				GCC_NO_COMMON_BLOCKS = YES;
				GCC_WARN_64_TO_32_BIT_CONVERSION = YES;
				GCC_WARN_ABOUT_RETURN_TYPE = YES_ERROR;
				GCC_WARN_UNDECLARED_SELECTOR = YES;
				GCC_WARN_UNINITIALIZED_AUTOS = YES_AGGRESSIVE;
				GCC_WARN_UNUSED_FUNCTION = YES;
				GCC_WARN_UNUSED_VARIABLE = YES;
				IPHONEOS_DEPLOYMENT_TARGET = 12.1;
				MTL_ENABLE_DEBUG_INFO = NO;
				MTL_FAST_MATH = YES;
				SDKROOT = iphoneos;
				SWIFT_COMPILATION_MODE = wholemodule;
				SWIFT_OPTIMIZATION_LEVEL = "-O";
				VALIDATE_PRODUCT = YES;
			};
			name = Release;
		};
		5FED00D82341EE5B00C400D6 /* Debug */ = {
			isa = XCBuildConfiguration;
			buildSettings = {
				ASSETCATALOG_COMPILER_APPICON_NAME = AppIcon;
				CODE_SIGN_STYLE = Automatic;
				DEVELOPMENT_TEAM = 9GRH57XF3U;
				INFOPLIST_FILE = xctext_sample/Info.plist;
				LD_RUNPATH_SEARCH_PATHS = (
					"$(inherited)",
					"@executable_path/Frameworks",
				);
				PRODUCT_BUNDLE_IDENTIFIER = "jp.co.opendoor.xctext-sample";
				PRODUCT_NAME = "$(TARGET_NAME)";
				SWIFT_VERSION = 4.2;
				TARGETED_DEVICE_FAMILY = "1,2";
			};
			name = Debug;
		};
		5FED00D92341EE5B00C400D6 /* Release */ = {
			isa = XCBuildConfiguration;
			buildSettings = {
				ASSETCATALOG_COMPILER_APPICON_NAME = AppIcon;
				CODE_SIGN_STYLE = Automatic;
				DEVELOPMENT_TEAM = 9GRH57XF3U;
				INFOPLIST_FILE = xctext_sample/Info.plist;
				LD_RUNPATH_SEARCH_PATHS = (
					"$(inherited)",
					"@executable_path/Frameworks",
				);
				PRODUCT_BUNDLE_IDENTIFIER = "jp.co.opendoor.xctext-sample";
				PRODUCT_NAME = "$(TARGET_NAME)";
				SWIFT_VERSION = 4.2;
				TARGETED_DEVICE_FAMILY = "1,2";
			};
			name = Release;
		};
		5FED00DB2341EE5B00C400D6 /* Debug */ = {
			isa = XCBuildConfiguration;
			buildSettings = {
				ALWAYS_EMBED_SWIFT_STANDARD_LIBRARIES = YES;
				BUNDLE_LOADER = "$(TEST_HOST)";
				CODE_SIGN_STYLE = Automatic;
				DEVELOPMENT_TEAM = 9GRH57XF3U;
				INFOPLIST_FILE = xctext_sampleTests/Info.plist;
				LD_RUNPATH_SEARCH_PATHS = (
					"$(inherited)",
					"@executable_path/Frameworks",
					"@loader_path/Frameworks",
				);
				PRODUCT_BUNDLE_IDENTIFIER = "jp.co.opendoor.xctext-sampleTests";
				PRODUCT_NAME = "$(TARGET_NAME)";
				SWIFT_VERSION = 4.2;
				TARGETED_DEVICE_FAMILY = "1,2";
				TEST_HOST = "$(BUILT_PRODUCTS_DIR)/xctext_sample.app/xctext_sample";
			};
			name = Debug;
		};
		5FED00DC2341EE5B00C400D6 /* Release */ = {
			isa = XCBuildConfiguration;
			buildSettings = {
				ALWAYS_EMBED_SWIFT_STANDARD_LIBRARIES = YES;
				BUNDLE_LOADER = "$(TEST_HOST)";
				CODE_SIGN_STYLE = Automatic;
				DEVELOPMENT_TEAM = 9GRH57XF3U;
				INFOPLIST_FILE = xctext_sampleTests/Info.plist;
				LD_RUNPATH_SEARCH_PATHS = (
					"$(inherited)",
					"@executable_path/Frameworks",
					"@loader_path/Frameworks",
				);
				PRODUCT_BUNDLE_IDENTIFIER = "jp.co.opendoor.xctext-sampleTests";
				PRODUCT_NAME = "$(TARGET_NAME)";
				SWIFT_VERSION = 4.2;
				TARGETED_DEVICE_FAMILY = "1,2";
				TEST_HOST = "$(BUILT_PRODUCTS_DIR)/xctext_sample.app/xctext_sample";
			};
			name = Release;
		};
		5FED00DE2341EE5B00C400D6 /* Debug */ = {
			isa = XCBuildConfiguration;
			buildSettings = {
				ALWAYS_EMBED_SWIFT_STANDARD_LIBRARIES = YES;
				CODE_SIGN_STYLE = Automatic;
				DEVELOPMENT_TEAM = 9GRH57XF3U;
				INFOPLIST_FILE = xctext_sampleUITests/Info.plist;
				LD_RUNPATH_SEARCH_PATHS = (
					"$(inherited)",
					"@executable_path/Frameworks",
					"@loader_path/Frameworks",
				);
				PRODUCT_BUNDLE_IDENTIFIER = "jp.co.opendoor.xctext-sampleUITests";
				PRODUCT_NAME = "$(TARGET_NAME)";
				SWIFT_VERSION = 4.2;
				TARGETED_DEVICE_FAMILY = "1,2";
				TEST_TARGET_NAME = xctext_sample;
			};
			name = Debug;
		};
		5FED00DF2341EE5B00C400D6 /* Release */ = {
			isa = XCBuildConfiguration;
			buildSettings = {
				ALWAYS_EMBED_SWIFT_STANDARD_LIBRARIES = YES;
				CODE_SIGN_STYLE = Automatic;
				DEVELOPMENT_TEAM = 9GRH57XF3U;
				INFOPLIST_FILE = xctext_sampleUITests/Info.plist;
				LD_RUNPATH_SEARCH_PATHS = (
					"$(inherited)",
					"@executable_path/Frameworks",
					"@loader_path/Frameworks",
				);
				PRODUCT_BUNDLE_IDENTIFIER = "jp.co.opendoor.xctext-sampleUITests";
				PRODUCT_NAME = "$(TARGET_NAME)";
				SWIFT_VERSION = 4.2;
				TARGETED_DEVICE_FAMILY = "1,2";
				TEST_TARGET_NAME = xctext_sample;
			};
			name = Release;
		};
/* End XCBuildConfiguration section */

/* Begin XCConfigurationList section */
		5FED00AA2341EE5900C400D6 /* Build configuration list for PBXProject "xctext_sample" */ = {
			isa = XCConfigurationList;
			buildConfigurations = (
				5FED00D52341EE5B00C400D6 /* Debug */,
				5FED00D62341EE5B00C400D6 /* Release */,
			);
			defaultConfigurationIsVisible = 0;
			defaultConfigurationName = Release;
		};
		5FED00D72341EE5B00C400D6 /* Build configuration list for PBXNativeTarget "xctext_sample" */ = {
			isa = XCConfigurationList;
			buildConfigurations = (
				5FED00D82341EE5B00C400D6 /* Debug */,
				5FED00D92341EE5B00C400D6 /* Release */,
			);
			defaultConfigurationIsVisible = 0;
			defaultConfigurationName = Release;
		};
		5FED00DA2341EE5B00C400D6 /* Build configuration list for PBXNativeTarget "xctext_sampleTests" */ = {
			isa = XCConfigurationList;
			buildConfigurations = (
				5FED00DB2341EE5B00C400D6 /* Debug */,
				5FED00DC2341EE5B00C400D6 /* Release */,
			);
			defaultConfigurationIsVisible = 0;
			defaultConfigurationName = Release;
		};
		5FED00DD2341EE5B00C400D6 /* Build configuration list for PBXNativeTarget "xctext_sampleUITests" */ = {
			isa = XCConfigurationList;
			buildConfigurations = (
				5FED00DE2341EE5B00C400D6 /* Debug */,
				5FED00DF2341EE5B00C400D6 /* Release */,
			);
			defaultConfigurationIsVisible = 0;
			defaultConfigurationName = Release;
		};
/* End XCConfigurationList section */
	};
	rootObject = 5FED00A72341EE5900C400D6 /* Project object */;
}
